
Microsoft Visual Studio Solution File, Format Version 12.00
# Visual Studio Version 16
VisualStudioVersion = 16.0.31702.278
MinimumVisualStudioVersion = 10.0.40219.1
Project("{FAE04EC0-301F-11D3-BF4B-00C04F79EFBC}") = "Employee Crud app", "Employee Crud app\Employee Crud app.csproj", "{5B688F9C-9EDA-4313-906B-F3E24741D48F}"
EndProject
Global
	GlobalSection(SolutionConfigurationPlatforms) = preSolution
		Debug|Any CPU = Debug|Any CPU
		Release|Any CPU = Release|Any CPU
	EndGlobalSection
	GlobalSection(ProjectConfigurationPlatforms) = postSolution
		{5B688F9C-9EDA-4313-906B-F3E24741D48F}.Debug|Any CPU.ActiveCfg = Debug|Any CPU
		{5B688F9C-9EDA-4313-906B-F3E24741D48F}.Debug|Any CPU.Build.0 = Debug|Any CPU
		{5B688F9C-9EDA-4313-906B-F3E24741D48F}.Release|Any CPU.ActiveCfg = Release|Any CPU
		{5B688F9C-9EDA-4313-906B-F3E24741D48F}.Release|Any CPU.Build.0 = Release|Any CPU
	EndGlobalSection
	GlobalSection(SolutionProperties) = preSolution
		HideSolutionNode = FALSE
	EndGlobalSection
	GlobalSection(ExtensibilityGlobals) = postSolution
		SolutionGuid = {D97468BE-4F3C-485A-9657-CDF0ABBF764D}
	EndGlobalSection
EndGlobal
