
Microsoft Visual Studio Solution File, Format Version 12.00
# Visual Studio Version 16
VisualStudioVersion = 16.0.31702.278
MinimumVisualStudioVersion = 10.0.40219.1
Project("{FAE04EC0-301F-11D3-BF4B-00C04F79EFBC}") = "Manegment", "Manegment\Manegment.csproj", "{632C225A-27FE-4A37-898B-DF6FEFD83293}"
EndProject
Global
	GlobalSection(SolutionConfigurationPlatforms) = preSolution
		Debug|Any CPU = Debug|Any CPU
		Release|Any CPU = Release|Any CPU
	EndGlobalSection
	GlobalSection(ProjectConfigurationPlatforms) = postSolution
		{632C225A-27FE-4A37-898B-DF6FEFD83293}.Debug|Any CPU.ActiveCfg = Debug|Any CPU
		{632C225A-27FE-4A37-898B-DF6FEFD83293}.Debug|Any CPU.Build.0 = Debug|Any CPU
		{632C225A-27FE-4A37-898B-DF6FEFD83293}.Release|Any CPU.ActiveCfg = Release|Any CPU
		{632C225A-27FE-4A37-898B-DF6FEFD83293}.Release|Any CPU.Build.0 = Release|Any CPU
	EndGlobalSection
	GlobalSection(SolutionProperties) = preSolution
		HideSolutionNode = FALSE
	EndGlobalSection
	GlobalSection(ExtensibilityGlobals) = postSolution
		SolutionGuid = {BF7FF800-E7D8-4FF1-B1D3-38AEE05E2AEF}
	EndGlobalSection
EndGlobal
